
Microsoft Visual Studio Solution File, Format Version 12.00
# Visual Studio Version 17
VisualStudioVersion = 17.1.32228.430
MinimumVisualStudioVersion = 10.0.40219.1
Project("{FAE04EC0-301F-11D3-BF4B-00C04F79EFBC}") = "WinFormsApp1", "WinFormsApp1\WinFormsApp1.csproj", "{9F76D069-A7FD-4FCE-B96C-F3D6E427BE8B}"
EndProject
Global
	GlobalSection(SolutionConfigurationPlatforms) = preSolution
		Debug|Any CPU = Debug|Any CPU
		Release|Any CPU = Release|Any CPU
	EndGlobalSection
	GlobalSection(ProjectConfigurationPlatforms) = postSolution
		{9F76D069-A7FD-4FCE-B96C-F3D6E427BE8B}.Debug|Any CPU.ActiveCfg = Debug|Any CPU
		{9F76D069-A7FD-4FCE-B96C-F3D6E427BE8B}.Debug|Any CPU.Build.0 = Debug|Any CPU
		{9F76D069-A7FD-4FCE-B96C-F3D6E427BE8B}.Release|Any CPU.ActiveCfg = Release|Any CPU
		{9F76D069-A7FD-4FCE-B96C-F3D6E427BE8B}.Release|Any CPU.Build.0 = Release|Any CPU
	EndGlobalSection
	GlobalSection(SolutionProperties) = preSolution
		HideSolutionNode = FALSE
	EndGlobalSection
	GlobalSection(ExtensibilityGlobals) = postSolution
		SolutionGuid = {4775DC59-9084-4EEF-AE24-4FCBBCBDA53C}
	EndGlobalSection
EndGlobal
